PODS:
  - Nimble (7.1.1)
  - PulseController (0.1.4)
  - Quick (1.3.0)

DEPENDENCIES:
  - Nimble (~> 7.1.1)
  - PulseController (from `../`)
  - Quick (~> 1.3.0)

SPEC REPOS:
  https://github.com/CocoaPods/Specs.git:
    - Nimble
    - Quick

EXTERNAL SOURCES:
  PulseController:
    :path: "../"

SPEC CHECKSUMS:
  Nimble: 391f07782af4b37914f9bd7b2ffbb952731b8202
  PulseController: 85aff391feb7657f19886c234dacfa68b645c763
  Quick: 03278013f71aa05fe9ecabc94fbcc6835f1ee76f

PODFILE CHECKSUM: c36abf78e9fa3d00adcbee4576f697bf46ac11fb

COCOAPODS: 1.5.0
